
Microsoft Visual Studio Solution File, Format Version 12.00
# Visual Studio Version 16
VisualStudioVersion = 25.0.1706.14
MinimumVisualStudioVersion = 10.0.40219.1
Project("{FAE04EC0-301F-11D3-BF4B-00C04F79EFBC}") = "1-DbFirst", "1-DbFirst\1-DbFirst.csproj", "{1C69CDCF-A3BB-4DB8-986F-DF29AA13ED91}"
EndProject
Project("{FAE04EC0-301F-11D3-BF4B-00C04F79EFBC}") = "2-EFCoreQuery", "2-EFCoreQuery\2-EFCoreQuery.csproj", "{FE39BB7E-958F-496B-AD98-386FAB72A6A7}"
EndProject
Project("{FAE04EC0-301F-11D3-BF4B-00C04F79EFBC}") = "3-CodeFirst", "3-CodeFirst\3-CodeFirst.csproj", "{176F1860-B90A-4D56-9DA3-08B84674CB1D}"
EndProject
Project("{FAE04EC0-301F-11D3-BF4B-00C04F79EFBC}") = "4-ManyToMany", "4-ManyToMany\4-ManyToMany.csproj", "{FA03DE6C-0AC8-43F5-8E75-591F1F8714F3}"
EndProject
Project("{FAE04EC0-301F-11D3-BF4B-00C04F79EFBC}") = "6-MoviesEntities", "6-MoviesEntities\6-MoviesEntities.csproj", "{B3412A75-9ABA-4B3E-B444-0830CBC0F928}"
EndProject
Global
	GlobalSection(SolutionConfigurationPlatforms) = preSolution
		Debug|Any CPU = Debug|Any CPU
		Release|Any CPU = Release|Any CPU
	EndGlobalSection
	GlobalSection(ProjectConfigurationPlatforms) = postSolution
		{1C69CDCF-A3BB-4DB8-986F-DF29AA13ED91}.Debug|Any CPU.ActiveCfg = Debug|Any CPU
		{1C69CDCF-A3BB-4DB8-986F-DF29AA13ED91}.Debug|Any CPU.Build.0 = Debug|Any CPU
		{1C69CDCF-A3BB-4DB8-986F-DF29AA13ED91}.Release|Any CPU.ActiveCfg = Release|Any CPU
		{1C69CDCF-A3BB-4DB8-986F-DF29AA13ED91}.Release|Any CPU.Build.0 = Release|Any CPU
		{FE39BB7E-958F-496B-AD98-386FAB72A6A7}.Debug|Any CPU.ActiveCfg = Debug|Any CPU
		{FE39BB7E-958F-496B-AD98-386FAB72A6A7}.Debug|Any CPU.Build.0 = Debug|Any CPU
		{FE39BB7E-958F-496B-AD98-386FAB72A6A7}.Release|Any CPU.ActiveCfg = Release|Any CPU
		{FE39BB7E-958F-496B-AD98-386FAB72A6A7}.Release|Any CPU.Build.0 = Release|Any CPU
		{176F1860-B90A-4D56-9DA3-08B84674CB1D}.Debug|Any CPU.ActiveCfg = Debug|Any CPU
		{176F1860-B90A-4D56-9DA3-08B84674CB1D}.Debug|Any CPU.Build.0 = Debug|Any CPU
		{176F1860-B90A-4D56-9DA3-08B84674CB1D}.Release|Any CPU.ActiveCfg = Release|Any CPU
		{176F1860-B90A-4D56-9DA3-08B84674CB1D}.Release|Any CPU.Build.0 = Release|Any CPU
		{FA03DE6C-0AC8-43F5-8E75-591F1F8714F3}.Debug|Any CPU.ActiveCfg = Debug|Any CPU
		{FA03DE6C-0AC8-43F5-8E75-591F1F8714F3}.Debug|Any CPU.Build.0 = Debug|Any CPU
		{FA03DE6C-0AC8-43F5-8E75-591F1F8714F3}.Release|Any CPU.ActiveCfg = Release|Any CPU
		{FA03DE6C-0AC8-43F5-8E75-591F1F8714F3}.Release|Any CPU.Build.0 = Release|Any CPU
		{B3412A75-9ABA-4B3E-B444-0830CBC0F928}.Debug|Any CPU.ActiveCfg = Debug|Any CPU
		{B3412A75-9ABA-4B3E-B444-0830CBC0F928}.Debug|Any CPU.Build.0 = Debug|Any CPU
		{B3412A75-9ABA-4B3E-B444-0830CBC0F928}.Release|Any CPU.ActiveCfg = Release|Any CPU
		{B3412A75-9ABA-4B3E-B444-0830CBC0F928}.Release|Any CPU.Build.0 = Release|Any CPU
	EndGlobalSection
	GlobalSection(SolutionProperties) = preSolution
		HideSolutionNode = FALSE
	EndGlobalSection
	GlobalSection(ExtensibilityGlobals) = postSolution
		SolutionGuid = {D9C19A87-0A7B-42F5-A6F5-947E827225C3}
	EndGlobalSection
EndGlobal
